
Microsoft Visual Studio Solution File, Format Version 12.00
# Visual Studio Version 17
VisualStudioVersion = 17.0.31903.59
MinimumVisualStudioVersion = 10.0.40219.1
Project("{FAE04EC0-301F-11D3-BF4B-00C04F79EFBC}") = "Canvas.Domain", "Canvas.Domain\Canvas.Domain.csproj", "{7A08851B-FBC7-4E0C-AD53-8822B6A327A6}"
EndProject
Project("{FAE04EC0-301F-11D3-BF4B-00C04F79EFBC}") = "Canvas.WebApi", "Canvas.WebApi\Canvas.WebApi.csproj", "{D475DB50-6BB6-4060-9A26-0A4C19D7B6CD}"
EndProject
Project("{2150E333-8FDC-42A3-9474-1A3956D46DE8}") = "src", "src", "{827E0CD3-B72D-47B6-A68D-7590B98EB39B}"
EndProject
Project("{FAE04EC0-301F-11D3-BF4B-00C04F79EFBC}") = "Canvas.Application", "src\Canvas.Application\Canvas.Application.csproj", "{0055B24D-6071-4E4D-BD19-DB3611CC6050}"
EndProject
Project("{FAE04EC0-301F-11D3-BF4B-00C04F79EFBC}") = "Canvas.Core", "src\Canvas.Core\Canvas.Core.csproj", "{82A22ECC-98BD-4F20-A6E3-94199B3FFDE3}"
EndProject
Project("{FAE04EC0-301F-11D3-BF4B-00C04F79EFBC}") = "Canvas", "Canvas\Canvas.csproj", "{2D23EC17-850F-4A19-8962-0C60CCD3476E}"
EndProject
Project("{FAE04EC0-301F-11D3-BF4B-00C04F79EFBC}") = "Canvas.Infrastructure.Pdf", "src\Canvas.Infrastructure.Pdf\Canvas.Infrastructure.Pdf.csproj", "{12213110-7898-4987-B100-27D40161E339}"
EndProject
Project("{2150E333-8FDC-42A3-9474-1A3956D46DE8}") = "samples", "samples", "{5D20AA90-6969-D8BD-9DCD-8634F4692FDA}"
EndProject
Project("{FAE04EC0-301F-11D3-BF4B-00C04F79EFBC}") = "Canvas.Demo", "samples\Canvas.Demo\Canvas.Demo.csproj", "{2677E805-95BF-4881-B8FE-6B7E97ACE48D}"
EndProject
Project("{FAE04EC0-301F-11D3-BF4B-00C04F79EFBC}") = "Canvas.Infrastructure.Converters", "src\Canvas.Infrastructure.Converters\Canvas.Infrastructure.Converters.csproj", "{DD9E4804-06E0-4BCB-9436-67DE0C226F06}"
EndProject
Project("{FAE04EC0-301F-11D3-BF4B-00C04F79EFBC}") = "Canvas.Infrastructure.Sheet", "src\Canvas.Infrastructure.Sheet\Canvas.Infrastructure.Sheet.csproj", "{0E55DCE8-7914-456E-BD85-9473BB6A30FD}"
EndProject
Project("{FAE04EC0-301F-11D3-BF4B-00C04F79EFBC}") = "Canvas.Infrastructure.Word", "src\Canvas.Infrastructure.Word\Canvas.Infrastructure.Word.csproj", "{72616487-9245-4FB4-A27E-D32A30EE3586}"
EndProject
Project("{2150E333-8FDC-42A3-9474-1A3956D46DE8}") = "tests", "tests", "{0AB3BF05-4346-4AA6-1389-037BE0695223}"
EndProject
Project("{FAE04EC0-301F-11D3-BF4B-00C04F79EFBC}") = "Canvas.Application.Tests", "tests\Canvas.Application.Tests\Canvas.Application.Tests.csproj", "{68133F93-6F1E-4384-A73E-E6A7DA075C72}"
EndProject
Project("{FAE04EC0-301F-11D3-BF4B-00C04F79EFBC}") = "Canvas.Core.Tests", "tests\Canvas.Core.Tests\Canvas.Core.Tests.csproj", "{74623E80-F3CC-4554-ADA6-AE6A6ADCF7A2}"
EndProject
Project("{FAE04EC0-301F-11D3-BF4B-00C04F79EFBC}") = "Canvas.Infrastructure.Pdf.Tests", "tests\Canvas.Infrastructure.Pdf.Tests\Canvas.Infrastructure.Pdf.Tests.csproj", "{C1DD9FDA-0EEC-4EAE-9F6E-A0EE10344040}"
EndProject
Project("{FAE04EC0-301F-11D3-BF4B-00C04F79EFBC}") = "Canvas.Export.Tests", "tests\Canvas.Export.Tests\Canvas.Export.Tests.csproj", "{6884FCD7-6A7D-4A03-BA7E-1294737AEC7C}"
EndProject
Project("{FAE04EC0-301F-11D3-BF4B-00C04F79EFBC}") = "Canvas.Api.Tests", "tests\Canvas.Api.Tests\Canvas.Api.Tests.csproj", "{07058299-1308-4816-8B7F-B2097D8F3AEF}"
EndProject
Project("{FAE04EC0-301F-11D3-BF4B-00C04F79EFBC}") = "Canvas.Importer", "src\Canvas.Importer\Canvas.Importer.csproj", "{0C884D30-9E4B-4472-B706-E14722F4BD9E}"
EndProject
Project("{FAE04EC0-301F-11D3-BF4B-00C04F79EFBC}") = "Canvas.Importer.Tests", "tests\Canvas.Importer.Tests\Canvas.Importer.Tests.csproj", "{03D8AB4E-F445-4214-9E77-DFA92EF4BF79}"
EndProject
Project("{FAE04EC0-301F-11D3-BF4B-00C04F79EFBC}") = "Canvas.Migration.Abstractions", "src\Canvas.Migration.Abstractions\Canvas.Migration.Abstractions.csproj", "{0C39078C-2BEA-41A6-9E33-23F9C4695791}"
EndProject
Project("{FAE04EC0-301F-11D3-BF4B-00C04F79EFBC}") = "Canvas.Migration.Roslyn", "src\Canvas.Migration.Roslyn\Canvas.Migration.Roslyn.csproj", "{F3E93E0C-89BB-4467-A848-4B5C03E1F8E0}"
EndProject
Project("{FAE04EC0-301F-11D3-BF4B-00C04F79EFBC}") = "Canvas.Migration.SyncfusionPdf", "src\Canvas.Migration.SyncfusionPdf\Canvas.Migration.SyncfusionPdf.csproj", "{2E594A1A-387A-4407-A8C0-BFF2A19D70B2}"
EndProject
Project("{FAE04EC0-301F-11D3-BF4B-00C04F79EFBC}") = "Canvas.Migration.SyncfusionPdf.Tests", "tests\Canvas.Migration.SyncfusionPdf.Tests\Canvas.Migration.SyncfusionPdf.Tests.csproj", "{0E2E7338-DF25-4E52-928B-2C2A8C86C8C6}"
EndProject
Project("{FAE04EC0-301F-11D3-BF4B-00C04F79EFBC}") = "Canvas.Migration.iText7", "src\Canvas.Migration.iText7\Canvas.Migration.iText7.csproj", "{60033606-7A4D-4B30-AD98-E4FD768D4C2D}"
EndProject
Project("{FAE04EC0-301F-11D3-BF4B-00C04F79EFBC}") = "Canvas.Migration.iText7.Tests", "tests\Canvas.Migration.iText7.Tests\Canvas.Migration.iText7.Tests.csproj", "{70006E9D-80C0-441B-8E66-5030A0A7462C}"
EndProject
Project("{FAE04EC0-301F-11D3-BF4B-00C04F79EFBC}") = "Canvas.Migration.AsposePdf", "src\Canvas.Migration.AsposePdf\Canvas.Migration.AsposePdf.csproj", "{BD73B6E2-CD7B-4DBA-92C7-DA33946DBAA5}"
EndProject
Project("{FAE04EC0-301F-11D3-BF4B-00C04F79EFBC}") = "Canvas.Migration.AsposePdf.Tests", "tests\Canvas.Migration.AsposePdf.Tests\Canvas.Migration.AsposePdf.Tests.csproj", "{1987CFA0-8AA9-43A0-B42C-B44A18D64749}"
EndProject
Global
	GlobalSection(SolutionConfigurationPlatforms) = preSolution
		Debug|Any CPU = Debug|Any CPU
		Debug|x64 = Debug|x64
		Debug|x86 = Debug|x86
		Release|Any CPU = Release|Any CPU
		Release|x64 = Release|x64
		Release|x86 = Release|x86
	EndGlobalSection
	GlobalSection(ProjectConfigurationPlatforms) = postSolution
		{7A08851B-FBC7-4E0C-AD53-8822B6A327A6}.Debug|Any CPU.ActiveCfg = Debug|Any CPU
		{7A08851B-FBC7-4E0C-AD53-8822B6A327A6}.Debug|Any CPU.Build.0 = Debug|Any CPU
		{7A08851B-FBC7-4E0C-AD53-8822B6A327A6}.Debug|x64.ActiveCfg = Debug|Any CPU
		{7A08851B-FBC7-4E0C-AD53-8822B6A327A6}.Debug|x64.Build.0 = Debug|Any CPU
		{7A08851B-FBC7-4E0C-AD53-8822B6A327A6}.Debug|x86.ActiveCfg = Debug|Any CPU
		{7A08851B-FBC7-4E0C-AD53-8822B6A327A6}.Debug|x86.Build.0 = Debug|Any CPU
		{7A08851B-FBC7-4E0C-AD53-8822B6A327A6}.Release|Any CPU.ActiveCfg = Release|Any CPU
		{7A08851B-FBC7-4E0C-AD53-8822B6A327A6}.Release|Any CPU.Build.0 = Release|Any CPU
		{7A08851B-FBC7-4E0C-AD53-8822B6A327A6}.Release|x64.ActiveCfg = Release|Any CPU
		{7A08851B-FBC7-4E0C-AD53-8822B6A327A6}.Release|x64.Build.0 = Release|Any CPU
		{7A08851B-FBC7-4E0C-AD53-8822B6A327A6}.Release|x86.ActiveCfg = Release|Any CPU
		{7A08851B-FBC7-4E0C-AD53-8822B6A327A6}.Release|x86.Build.0 = Release|Any CPU
		{D475DB50-6BB6-4060-9A26-0A4C19D7B6CD}.Debug|Any CPU.ActiveCfg = Debug|Any CPU
		{D475DB50-6BB6-4060-9A26-0A4C19D7B6CD}.Debug|Any CPU.Build.0 = Debug|Any CPU
		{D475DB50-6BB6-4060-9A26-0A4C19D7B6CD}.Debug|x64.ActiveCfg = Debug|Any CPU
		{D475DB50-6BB6-4060-9A26-0A4C19D7B6CD}.Debug|x64.Build.0 = Debug|Any CPU
		{D475DB50-6BB6-4060-9A26-0A4C19D7B6CD}.Debug|x86.ActiveCfg = Debug|Any CPU
		{D475DB50-6BB6-4060-9A26-0A4C19D7B6CD}.Debug|x86.Build.0 = Debug|Any CPU
		{D475DB50-6BB6-4060-9A26-0A4C19D7B6CD}.Release|Any CPU.ActiveCfg = Release|Any CPU
		{D475DB50-6BB6-4060-9A26-0A4C19D7B6CD}.Release|Any CPU.Build.0 = Release|Any CPU
		{D475DB50-6BB6-4060-9A26-0A4C19D7B6CD}.Release|x64.ActiveCfg = Release|Any CPU
		{D475DB50-6BB6-4060-9A26-0A4C19D7B6CD}.Release|x64.Build.0 = Release|Any CPU
		{D475DB50-6BB6-4060-9A26-0A4C19D7B6CD}.Release|x86.ActiveCfg = Release|Any CPU
		{D475DB50-6BB6-4060-9A26-0A4C19D7B6CD}.Release|x86.Build.0 = Release|Any CPU
		{0055B24D-6071-4E4D-BD19-DB3611CC6050}.Debug|Any CPU.ActiveCfg = Debug|Any CPU
		{0055B24D-6071-4E4D-BD19-DB3611CC6050}.Debug|Any CPU.Build.0 = Debug|Any CPU
		{0055B24D-6071-4E4D-BD19-DB3611CC6050}.Debug|x64.ActiveCfg = Debug|Any CPU
		{0055B24D-6071-4E4D-BD19-DB3611CC6050}.Debug|x64.Build.0 = Debug|Any CPU
		{0055B24D-6071-4E4D-BD19-DB3611CC6050}.Debug|x86.ActiveCfg = Debug|Any CPU
		{0055B24D-6071-4E4D-BD19-DB3611CC6050}.Debug|x86.Build.0 = Debug|Any CPU
		{0055B24D-6071-4E4D-BD19-DB3611CC6050}.Release|Any CPU.ActiveCfg = Release|Any CPU
		{0055B24D-6071-4E4D-BD19-DB3611CC6050}.Release|Any CPU.Build.0 = Release|Any CPU
		{0055B24D-6071-4E4D-BD19-DB3611CC6050}.Release|x64.ActiveCfg = Release|Any CPU
		{0055B24D-6071-4E4D-BD19-DB3611CC6050}.Release|x64.Build.0 = Release|Any CPU
		{0055B24D-6071-4E4D-BD19-DB3611CC6050}.Release|x86.ActiveCfg = Release|Any CPU
		{0055B24D-6071-4E4D-BD19-DB3611CC6050}.Release|x86.Build.0 = Release|Any CPU
		{82A22ECC-98BD-4F20-A6E3-94199B3FFDE3}.Debug|Any CPU.ActiveCfg = Debug|Any CPU
		{82A22ECC-98BD-4F20-A6E3-94199B3FFDE3}.Debug|Any CPU.Build.0 = Debug|Any CPU
		{82A22ECC-98BD-4F20-A6E3-94199B3FFDE3}.Debug|x64.ActiveCfg = Debug|Any CPU
		{82A22ECC-98BD-4F20-A6E3-94199B3FFDE3}.Debug|x64.Build.0 = Debug|Any CPU
		{82A22ECC-98BD-4F20-A6E3-94199B3FFDE3}.Debug|x86.ActiveCfg = Debug|Any CPU
		{82A22ECC-98BD-4F20-A6E3-94199B3FFDE3}.Debug|x86.Build.0 = Debug|Any CPU
		{82A22ECC-98BD-4F20-A6E3-94199B3FFDE3}.Release|Any CPU.ActiveCfg = Release|Any CPU
		{82A22ECC-98BD-4F20-A6E3-94199B3FFDE3}.Release|Any CPU.Build.0 = Release|Any CPU
		{82A22ECC-98BD-4F20-A6E3-94199B3FFDE3}.Release|x64.ActiveCfg = Release|Any CPU
		{82A22ECC-98BD-4F20-A6E3-94199B3FFDE3}.Release|x64.Build.0 = Release|Any CPU
		{82A22ECC-98BD-4F20-A6E3-94199B3FFDE3}.Release|x86.ActiveCfg = Release|Any CPU
		{82A22ECC-98BD-4F20-A6E3-94199B3FFDE3}.Release|x86.Build.0 = Release|Any CPU
		{2D23EC17-850F-4A19-8962-0C60CCD3476E}.Debug|Any CPU.ActiveCfg = Debug|Any CPU
		{2D23EC17-850F-4A19-8962-0C60CCD3476E}.Debug|Any CPU.Build.0 = Debug|Any CPU
		{2D23EC17-850F-4A19-8962-0C60CCD3476E}.Debug|x64.ActiveCfg = Debug|Any CPU
		{2D23EC17-850F-4A19-8962-0C60CCD3476E}.Debug|x64.Build.0 = Debug|Any CPU
		{2D23EC17-850F-4A19-8962-0C60CCD3476E}.Debug|x86.ActiveCfg = Debug|Any CPU
		{2D23EC17-850F-4A19-8962-0C60CCD3476E}.Debug|x86.Build.0 = Debug|Any CPU
		{2D23EC17-850F-4A19-8962-0C60CCD3476E}.Release|Any CPU.ActiveCfg = Release|Any CPU
		{2D23EC17-850F-4A19-8962-0C60CCD3476E}.Release|Any CPU.Build.0 = Release|Any CPU
		{2D23EC17-850F-4A19-8962-0C60CCD3476E}.Release|x64.ActiveCfg = Release|Any CPU
		{2D23EC17-850F-4A19-8962-0C60CCD3476E}.Release|x64.Build.0 = Release|Any CPU
		{2D23EC17-850F-4A19-8962-0C60CCD3476E}.Release|x86.ActiveCfg = Release|Any CPU
		{2D23EC17-850F-4A19-8962-0C60CCD3476E}.Release|x86.Build.0 = Release|Any CPU
		{12213110-7898-4987-B100-27D40161E339}.Debug|Any CPU.ActiveCfg = Debug|Any CPU
		{12213110-7898-4987-B100-27D40161E339}.Debug|Any CPU.Build.0 = Debug|Any CPU
		{12213110-7898-4987-B100-27D40161E339}.Debug|x64.ActiveCfg = Debug|Any CPU
		{12213110-7898-4987-B100-27D40161E339}.Debug|x64.Build.0 = Debug|Any CPU
		{12213110-7898-4987-B100-27D40161E339}.Debug|x86.ActiveCfg = Debug|Any CPU
		{12213110-7898-4987-B100-27D40161E339}.Debug|x86.Build.0 = Debug|Any CPU
		{12213110-7898-4987-B100-27D40161E339}.Release|Any CPU.ActiveCfg = Release|Any CPU
		{12213110-7898-4987-B100-27D40161E339}.Release|Any CPU.Build.0 = Release|Any CPU
		{12213110-7898-4987-B100-27D40161E339}.Release|x64.ActiveCfg = Release|Any CPU
		{12213110-7898-4987-B100-27D40161E339}.Release|x64.Build.0 = Release|Any CPU
		{12213110-7898-4987-B100-27D40161E339}.Release|x86.ActiveCfg = Release|Any CPU
		{12213110-7898-4987-B100-27D40161E339}.Release|x86.Build.0 = Release|Any CPU
		{2677E805-95BF-4881-B8FE-6B7E97ACE48D}.Debug|Any CPU.ActiveCfg = Debug|Any CPU
		{2677E805-95BF-4881-B8FE-6B7E97ACE48D}.Debug|Any CPU.Build.0 = Debug|Any CPU
		{2677E805-95BF-4881-B8FE-6B7E97ACE48D}.Debug|x64.ActiveCfg = Debug|Any CPU
		{2677E805-95BF-4881-B8FE-6B7E97ACE48D}.Debug|x64.Build.0 = Debug|Any CPU
		{2677E805-95BF-4881-B8FE-6B7E97ACE48D}.Debug|x86.ActiveCfg = Debug|Any CPU
		{2677E805-95BF-4881-B8FE-6B7E97ACE48D}.Debug|x86.Build.0 = Debug|Any CPU
		{2677E805-95BF-4881-B8FE-6B7E97ACE48D}.Release|Any CPU.ActiveCfg = Release|Any CPU
		{2677E805-95BF-4881-B8FE-6B7E97ACE48D}.Release|Any CPU.Build.0 = Release|Any CPU
		{2677E805-95BF-4881-B8FE-6B7E97ACE48D}.Release|x64.ActiveCfg = Release|Any CPU
		{2677E805-95BF-4881-B8FE-6B7E97ACE48D}.Release|x64.Build.0 = Release|Any CPU
		{2677E805-95BF-4881-B8FE-6B7E97ACE48D}.Release|x86.ActiveCfg = Release|Any CPU
		{2677E805-95BF-4881-B8FE-6B7E97ACE48D}.Release|x86.Build.0 = Release|Any CPU
		{DD9E4804-06E0-4BCB-9436-67DE0C226F06}.Debug|Any CPU.ActiveCfg = Debug|Any CPU
		{DD9E4804-06E0-4BCB-9436-67DE0C226F06}.Debug|Any CPU.Build.0 = Debug|Any CPU
		{DD9E4804-06E0-4BCB-9436-67DE0C226F06}.Debug|x64.ActiveCfg = Debug|Any CPU
		{DD9E4804-06E0-4BCB-9436-67DE0C226F06}.Debug|x64.Build.0 = Debug|Any CPU
		{DD9E4804-06E0-4BCB-9436-67DE0C226F06}.Debug|x86.ActiveCfg = Debug|Any CPU
		{DD9E4804-06E0-4BCB-9436-67DE0C226F06}.Debug|x86.Build.0 = Debug|Any CPU
		{DD9E4804-06E0-4BCB-9436-67DE0C226F06}.Release|Any CPU.ActiveCfg = Release|Any CPU
		{DD9E4804-06E0-4BCB-9436-67DE0C226F06}.Release|Any CPU.Build.0 = Release|Any CPU
		{DD9E4804-06E0-4BCB-9436-67DE0C226F06}.Release|x64.ActiveCfg = Release|Any CPU
		{DD9E4804-06E0-4BCB-9436-67DE0C226F06}.Release|x64.Build.0 = Release|Any CPU
		{DD9E4804-06E0-4BCB-9436-67DE0C226F06}.Release|x86.ActiveCfg = Release|Any CPU
		{DD9E4804-06E0-4BCB-9436-67DE0C226F06}.Release|x86.Build.0 = Release|Any CPU
		{0E55DCE8-7914-456E-BD85-9473BB6A30FD}.Debug|Any CPU.ActiveCfg = Debug|Any CPU
		{0E55DCE8-7914-456E-BD85-9473BB6A30FD}.Debug|Any CPU.Build.0 = Debug|Any CPU
		{0E55DCE8-7914-456E-BD85-9473BB6A30FD}.Debug|x64.ActiveCfg = Debug|Any CPU
		{0E55DCE8-7914-456E-BD85-9473BB6A30FD}.Debug|x64.Build.0 = Debug|Any CPU
		{0E55DCE8-7914-456E-BD85-9473BB6A30FD}.Debug|x86.ActiveCfg = Debug|Any CPU
		{0E55DCE8-7914-456E-BD85-9473BB6A30FD}.Debug|x86.Build.0 = Debug|Any CPU
		{0E55DCE8-7914-456E-BD85-9473BB6A30FD}.Release|Any CPU.ActiveCfg = Release|Any CPU
		{0E55DCE8-7914-456E-BD85-9473BB6A30FD}.Release|Any CPU.Build.0 = Release|Any CPU
		{0E55DCE8-7914-456E-BD85-9473BB6A30FD}.Release|x64.ActiveCfg = Release|Any CPU
		{0E55DCE8-7914-456E-BD85-9473BB6A30FD}.Release|x64.Build.0 = Release|Any CPU
		{0E55DCE8-7914-456E-BD85-9473BB6A30FD}.Release|x86.ActiveCfg = Release|Any CPU
		{0E55DCE8-7914-456E-BD85-9473BB6A30FD}.Release|x86.Build.0 = Release|Any CPU
		{72616487-9245-4FB4-A27E-D32A30EE3586}.Debug|Any CPU.ActiveCfg = Debug|Any CPU
		{72616487-9245-4FB4-A27E-D32A30EE3586}.Debug|Any CPU.Build.0 = Debug|Any CPU
		{72616487-9245-4FB4-A27E-D32A30EE3586}.Debug|x64.ActiveCfg = Debug|Any CPU
		{72616487-9245-4FB4-A27E-D32A30EE3586}.Debug|x64.Build.0 = Debug|Any CPU
		{72616487-9245-4FB4-A27E-D32A30EE3586}.Debug|x86.ActiveCfg = Debug|Any CPU
		{72616487-9245-4FB4-A27E-D32A30EE3586}.Debug|x86.Build.0 = Debug|Any CPU
		{72616487-9245-4FB4-A27E-D32A30EE3586}.Release|Any CPU.ActiveCfg = Release|Any CPU
		{72616487-9245-4FB4-A27E-D32A30EE3586}.Release|Any CPU.Build.0 = Release|Any CPU
		{72616487-9245-4FB4-A27E-D32A30EE3586}.Release|x64.ActiveCfg = Release|Any CPU
		{72616487-9245-4FB4-A27E-D32A30EE3586}.Release|x64.Build.0 = Release|Any CPU
		{72616487-9245-4FB4-A27E-D32A30EE3586}.Release|x86.ActiveCfg = Release|Any CPU
		{72616487-9245-4FB4-A27E-D32A30EE3586}.Release|x86.Build.0 = Release|Any CPU
		{68133F93-6F1E-4384-A73E-E6A7DA075C72}.Debug|Any CPU.ActiveCfg = Debug|Any CPU
		{68133F93-6F1E-4384-A73E-E6A7DA075C72}.Debug|Any CPU.Build.0 = Debug|Any CPU
		{68133F93-6F1E-4384-A73E-E6A7DA075C72}.Debug|x64.ActiveCfg = Debug|Any CPU
		{68133F93-6F1E-4384-A73E-E6A7DA075C72}.Debug|x64.Build.0 = Debug|Any CPU
		{68133F93-6F1E-4384-A73E-E6A7DA075C72}.Debug|x86.ActiveCfg = Debug|Any CPU
		{68133F93-6F1E-4384-A73E-E6A7DA075C72}.Debug|x86.Build.0 = Debug|Any CPU
		{68133F93-6F1E-4384-A73E-E6A7DA075C72}.Release|Any CPU.ActiveCfg = Release|Any CPU
		{68133F93-6F1E-4384-A73E-E6A7DA075C72}.Release|Any CPU.Build.0 = Release|Any CPU
		{68133F93-6F1E-4384-A73E-E6A7DA075C72}.Release|x64.ActiveCfg = Release|Any CPU
		{68133F93-6F1E-4384-A73E-E6A7DA075C72}.Release|x64.Build.0 = Release|Any CPU
		{68133F93-6F1E-4384-A73E-E6A7DA075C72}.Release|x86.ActiveCfg = Release|Any CPU
		{68133F93-6F1E-4384-A73E-E6A7DA075C72}.Release|x86.Build.0 = Release|Any CPU
		{74623E80-F3CC-4554-ADA6-AE6A6ADCF7A2}.Debug|Any CPU.ActiveCfg = Debug|Any CPU
		{74623E80-F3CC-4554-ADA6-AE6A6ADCF7A2}.Debug|Any CPU.Build.0 = Debug|Any CPU
		{74623E80-F3CC-4554-ADA6-AE6A6ADCF7A2}.Debug|x64.ActiveCfg = Debug|Any CPU
		{74623E80-F3CC-4554-ADA6-AE6A6ADCF7A2}.Debug|x64.Build.0 = Debug|Any CPU
		{74623E80-F3CC-4554-ADA6-AE6A6ADCF7A2}.Debug|x86.ActiveCfg = Debug|Any CPU
		{74623E80-F3CC-4554-ADA6-AE6A6ADCF7A2}.Debug|x86.Build.0 = Debug|Any CPU
		{74623E80-F3CC-4554-ADA6-AE6A6ADCF7A2}.Release|Any CPU.ActiveCfg = Release|Any CPU
		{74623E80-F3CC-4554-ADA6-AE6A6ADCF7A2}.Release|Any CPU.Build.0 = Release|Any CPU
		{74623E80-F3CC-4554-ADA6-AE6A6ADCF7A2}.Release|x64.ActiveCfg = Release|Any CPU
		{74623E80-F3CC-4554-ADA6-AE6A6ADCF7A2}.Release|x64.Build.0 = Release|Any CPU
		{74623E80-F3CC-4554-ADA6-AE6A6ADCF7A2}.Release|x86.ActiveCfg = Release|Any CPU
		{74623E80-F3CC-4554-ADA6-AE6A6ADCF7A2}.Release|x86.Build.0 = Release|Any CPU
		{C1DD9FDA-0EEC-4EAE-9F6E-A0EE10344040}.Debug|Any CPU.ActiveCfg = Debug|Any CPU
		{C1DD9FDA-0EEC-4EAE-9F6E-A0EE10344040}.Debug|Any CPU.Build.0 = Debug|Any CPU
		{C1DD9FDA-0EEC-4EAE-9F6E-A0EE10344040}.Debug|x64.ActiveCfg = Debug|Any CPU
		{C1DD9FDA-0EEC-4EAE-9F6E-A0EE10344040}.Debug|x64.Build.0 = Debug|Any CPU
		{C1DD9FDA-0EEC-4EAE-9F6E-A0EE10344040}.Debug|x86.ActiveCfg = Debug|Any CPU
		{C1DD9FDA-0EEC-4EAE-9F6E-A0EE10344040}.Debug|x86.Build.0 = Debug|Any CPU
		{C1DD9FDA-0EEC-4EAE-9F6E-A0EE10344040}.Release|Any CPU.ActiveCfg = Release|Any CPU
		{C1DD9FDA-0EEC-4EAE-9F6E-A0EE10344040}.Release|Any CPU.Build.0 = Release|Any CPU
		{C1DD9FDA-0EEC-4EAE-9F6E-A0EE10344040}.Release|x64.ActiveCfg = Release|Any CPU
		{C1DD9FDA-0EEC-4EAE-9F6E-A0EE10344040}.Release|x64.Build.0 = Release|Any CPU
		{C1DD9FDA-0EEC-4EAE-9F6E-A0EE10344040}.Release|x86.ActiveCfg = Release|Any CPU
		{C1DD9FDA-0EEC-4EAE-9F6E-A0EE10344040}.Release|x86.Build.0 = Release|Any CPU
		{6884FCD7-6A7D-4A03-BA7E-1294737AEC7C}.Debug|Any CPU.ActiveCfg = Debug|Any CPU
		{6884FCD7-6A7D-4A03-BA7E-1294737AEC7C}.Debug|Any CPU.Build.0 = Debug|Any CPU
		{6884FCD7-6A7D-4A03-BA7E-1294737AEC7C}.Debug|x64.ActiveCfg = Debug|Any CPU
		{6884FCD7-6A7D-4A03-BA7E-1294737AEC7C}.Debug|x64.Build.0 = Debug|Any CPU
		{6884FCD7-6A7D-4A03-BA7E-1294737AEC7C}.Debug|x86.ActiveCfg = Debug|Any CPU
		{6884FCD7-6A7D-4A03-BA7E-1294737AEC7C}.Debug|x86.Build.0 = Debug|Any CPU
		{6884FCD7-6A7D-4A03-BA7E-1294737AEC7C}.Release|Any CPU.ActiveCfg = Release|Any CPU
		{6884FCD7-6A7D-4A03-BA7E-1294737AEC7C}.Release|Any CPU.Build.0 = Release|Any CPU
		{6884FCD7-6A7D-4A03-BA7E-1294737AEC7C}.Release|x64.ActiveCfg = Release|Any CPU
		{6884FCD7-6A7D-4A03-BA7E-1294737AEC7C}.Release|x64.Build.0 = Release|Any CPU
		{6884FCD7-6A7D-4A03-BA7E-1294737AEC7C}.Release|x86.ActiveCfg = Release|Any CPU
		{6884FCD7-6A7D-4A03-BA7E-1294737AEC7C}.Release|x86.Build.0 = Release|Any CPU
		{07058299-1308-4816-8B7F-B2097D8F3AEF}.Debug|Any CPU.ActiveCfg = Debug|Any CPU
		{07058299-1308-4816-8B7F-B2097D8F3AEF}.Debug|Any CPU.Build.0 = Debug|Any CPU
		{07058299-1308-4816-8B7F-B2097D8F3AEF}.Debug|x64.ActiveCfg = Debug|Any CPU
		{07058299-1308-4816-8B7F-B2097D8F3AEF}.Debug|x64.Build.0 = Debug|Any CPU
		{07058299-1308-4816-8B7F-B2097D8F3AEF}.Debug|x86.ActiveCfg = Debug|Any CPU
		{07058299-1308-4816-8B7F-B2097D8F3AEF}.Debug|x86.Build.0 = Debug|Any CPU
		{07058299-1308-4816-8B7F-B2097D8F3AEF}.Release|Any CPU.ActiveCfg = Release|Any CPU
		{07058299-1308-4816-8B7F-B2097D8F3AEF}.Release|Any CPU.Build.0 = Release|Any CPU
		{07058299-1308-4816-8B7F-B2097D8F3AEF}.Release|x64.ActiveCfg = Release|Any CPU
		{07058299-1308-4816-8B7F-B2097D8F3AEF}.Release|x64.Build.0 = Release|Any CPU
		{07058299-1308-4816-8B7F-B2097D8F3AEF}.Release|x86.ActiveCfg = Release|Any CPU
		{07058299-1308-4816-8B7F-B2097D8F3AEF}.Release|x86.Build.0 = Release|Any CPU
		{0C884D30-9E4B-4472-B706-E14722F4BD9E}.Debug|Any CPU.ActiveCfg = Debug|Any CPU
		{0C884D30-9E4B-4472-B706-E14722F4BD9E}.Debug|Any CPU.Build.0 = Debug|Any CPU
		{0C884D30-9E4B-4472-B706-E14722F4BD9E}.Debug|x64.ActiveCfg = Debug|Any CPU
		{0C884D30-9E4B-4472-B706-E14722F4BD9E}.Debug|x64.Build.0 = Debug|Any CPU
		{0C884D30-9E4B-4472-B706-E14722F4BD9E}.Debug|x86.ActiveCfg = Debug|Any CPU
		{0C884D30-9E4B-4472-B706-E14722F4BD9E}.Debug|x86.Build.0 = Debug|Any CPU
		{0C884D30-9E4B-4472-B706-E14722F4BD9E}.Release|Any CPU.ActiveCfg = Release|Any CPU
		{0C884D30-9E4B-4472-B706-E14722F4BD9E}.Release|Any CPU.Build.0 = Release|Any CPU
		{0C884D30-9E4B-4472-B706-E14722F4BD9E}.Release|x64.ActiveCfg = Release|Any CPU
		{0C884D30-9E4B-4472-B706-E14722F4BD9E}.Release|x64.Build.0 = Release|Any CPU
		{0C884D30-9E4B-4472-B706-E14722F4BD9E}.Release|x86.ActiveCfg = Release|Any CPU
		{0C884D30-9E4B-4472-B706-E14722F4BD9E}.Release|x86.Build.0 = Release|Any CPU
		{03D8AB4E-F445-4214-9E77-DFA92EF4BF79}.Debug|Any CPU.ActiveCfg = Debug|Any CPU
		{03D8AB4E-F445-4214-9E77-DFA92EF4BF79}.Debug|Any CPU.Build.0 = Debug|Any CPU
		{03D8AB4E-F445-4214-9E77-DFA92EF4BF79}.Debug|x64.ActiveCfg = Debug|Any CPU
		{03D8AB4E-F445-4214-9E77-DFA92EF4BF79}.Debug|x64.Build.0 = Debug|Any CPU
		{03D8AB4E-F445-4214-9E77-DFA92EF4BF79}.Debug|x86.ActiveCfg = Debug|Any CPU
		{03D8AB4E-F445-4214-9E77-DFA92EF4BF79}.Debug|x86.Build.0 = Debug|Any CPU
		{03D8AB4E-F445-4214-9E77-DFA92EF4BF79}.Release|Any CPU.ActiveCfg = Release|Any CPU
		{03D8AB4E-F445-4214-9E77-DFA92EF4BF79}.Release|Any CPU.Build.0 = Release|Any CPU
		{03D8AB4E-F445-4214-9E77-DFA92EF4BF79}.Release|x64.ActiveCfg = Release|Any CPU
		{03D8AB4E-F445-4214-9E77-DFA92EF4BF79}.Release|x64.Build.0 = Release|Any CPU
		{03D8AB4E-F445-4214-9E77-DFA92EF4BF79}.Release|x86.ActiveCfg = Release|Any CPU
		{03D8AB4E-F445-4214-9E77-DFA92EF4BF79}.Release|x86.Build.0 = Release|Any CPU
		{0C39078C-2BEA-41A6-9E33-23F9C4695791}.Debug|Any CPU.ActiveCfg = Debug|Any CPU
		{0C39078C-2BEA-41A6-9E33-23F9C4695791}.Debug|Any CPU.Build.0 = Debug|Any CPU
		{0C39078C-2BEA-41A6-9E33-23F9C4695791}.Debug|x64.ActiveCfg = Debug|Any CPU
		{0C39078C-2BEA-41A6-9E33-23F9C4695791}.Debug|x64.Build.0 = Debug|Any CPU
		{0C39078C-2BEA-41A6-9E33-23F9C4695791}.Debug|x86.ActiveCfg = Debug|Any CPU
		{0C39078C-2BEA-41A6-9E33-23F9C4695791}.Debug|x86.Build.0 = Debug|Any CPU
		{0C39078C-2BEA-41A6-9E33-23F9C4695791}.Release|Any CPU.ActiveCfg = Release|Any CPU
		{0C39078C-2BEA-41A6-9E33-23F9C4695791}.Release|Any CPU.Build.0 = Release|Any CPU
		{0C39078C-2BEA-41A6-9E33-23F9C4695791}.Release|x64.ActiveCfg = Release|Any CPU
		{0C39078C-2BEA-41A6-9E33-23F9C4695791}.Release|x64.Build.0 = Release|Any CPU
		{0C39078C-2BEA-41A6-9E33-23F9C4695791}.Release|x86.ActiveCfg = Release|Any CPU
		{0C39078C-2BEA-41A6-9E33-23F9C4695791}.Release|x86.Build.0 = Release|Any CPU
		{F3E93E0C-89BB-4467-A848-4B5C03E1F8E0}.Debug|Any CPU.ActiveCfg = Debug|Any CPU
		{F3E93E0C-89BB-4467-A848-4B5C03E1F8E0}.Debug|Any CPU.Build.0 = Debug|Any CPU
		{F3E93E0C-89BB-4467-A848-4B5C03E1F8E0}.Debug|x64.ActiveCfg = Debug|Any CPU
		{F3E93E0C-89BB-4467-A848-4B5C03E1F8E0}.Debug|x64.Build.0 = Debug|Any CPU
		{F3E93E0C-89BB-4467-A848-4B5C03E1F8E0}.Debug|x86.ActiveCfg = Debug|Any CPU
		{F3E93E0C-89BB-4467-A848-4B5C03E1F8E0}.Debug|x86.Build.0 = Debug|Any CPU
		{F3E93E0C-89BB-4467-A848-4B5C03E1F8E0}.Release|Any CPU.ActiveCfg = Release|Any CPU
		{F3E93E0C-89BB-4467-A848-4B5C03E1F8E0}.Release|Any CPU.Build.0 = Release|Any CPU
		{F3E93E0C-89BB-4467-A848-4B5C03E1F8E0}.Release|x64.ActiveCfg = Release|Any CPU
		{F3E93E0C-89BB-4467-A848-4B5C03E1F8E0}.Release|x64.Build.0 = Release|Any CPU
		{F3E93E0C-89BB-4467-A848-4B5C03E1F8E0}.Release|x86.ActiveCfg = Release|Any CPU
		{F3E93E0C-89BB-4467-A848-4B5C03E1F8E0}.Release|x86.Build.0 = Release|Any CPU
		{2E594A1A-387A-4407-A8C0-BFF2A19D70B2}.Debug|Any CPU.ActiveCfg = Debug|Any CPU
		{2E594A1A-387A-4407-A8C0-BFF2A19D70B2}.Debug|Any CPU.Build.0 = Debug|Any CPU
		{2E594A1A-387A-4407-A8C0-BFF2A19D70B2}.Debug|x64.ActiveCfg = Debug|Any CPU
		{2E594A1A-387A-4407-A8C0-BFF2A19D70B2}.Debug|x64.Build.0 = Debug|Any CPU
		{2E594A1A-387A-4407-A8C0-BFF2A19D70B2}.Debug|x86.ActiveCfg = Debug|Any CPU
		{2E594A1A-387A-4407-A8C0-BFF2A19D70B2}.Debug|x86.Build.0 = Debug|Any CPU
		{2E594A1A-387A-4407-A8C0-BFF2A19D70B2}.Release|Any CPU.ActiveCfg = Release|Any CPU
		{2E594A1A-387A-4407-A8C0-BFF2A19D70B2}.Release|Any CPU.Build.0 = Release|Any CPU
		{2E594A1A-387A-4407-A8C0-BFF2A19D70B2}.Release|x64.ActiveCfg = Release|Any CPU
		{2E594A1A-387A-4407-A8C0-BFF2A19D70B2}.Release|x64.Build.0 = Release|Any CPU
		{2E594A1A-387A-4407-A8C0-BFF2A19D70B2}.Release|x86.ActiveCfg = Release|Any CPU
		{2E594A1A-387A-4407-A8C0-BFF2A19D70B2}.Release|x86.Build.0 = Release|Any CPU
		{0E2E7338-DF25-4E52-928B-2C2A8C86C8C6}.Debug|Any CPU.ActiveCfg = Debug|Any CPU
		{0E2E7338-DF25-4E52-928B-2C2A8C86C8C6}.Debug|Any CPU.Build.0 = Debug|Any CPU
		{0E2E7338-DF25-4E52-928B-2C2A8C86C8C6}.Debug|x64.ActiveCfg = Debug|Any CPU
		{0E2E7338-DF25-4E52-928B-2C2A8C86C8C6}.Debug|x64.Build.0 = Debug|Any CPU
		{0E2E7338-DF25-4E52-928B-2C2A8C86C8C6}.Debug|x86.ActiveCfg = Debug|Any CPU
		{0E2E7338-DF25-4E52-928B-2C2A8C86C8C6}.Debug|x86.Build.0 = Debug|Any CPU
		{0E2E7338-DF25-4E52-928B-2C2A8C86C8C6}.Release|Any CPU.ActiveCfg = Release|Any CPU
		{0E2E7338-DF25-4E52-928B-2C2A8C86C8C6}.Release|Any CPU.Build.0 = Release|Any CPU
		{0E2E7338-DF25-4E52-928B-2C2A8C86C8C6}.Release|x64.ActiveCfg = Release|Any CPU
		{0E2E7338-DF25-4E52-928B-2C2A8C86C8C6}.Release|x64.Build.0 = Release|Any CPU
		{0E2E7338-DF25-4E52-928B-2C2A8C86C8C6}.Release|x86.ActiveCfg = Release|Any CPU
		{0E2E7338-DF25-4E52-928B-2C2A8C86C8C6}.Release|x86.Build.0 = Release|Any CPU
		{60033606-7A4D-4B30-AD98-E4FD768D4C2D}.Debug|Any CPU.ActiveCfg = Debug|Any CPU
		{60033606-7A4D-4B30-AD98-E4FD768D4C2D}.Debug|Any CPU.Build.0 = Debug|Any CPU
		{60033606-7A4D-4B30-AD98-E4FD768D4C2D}.Debug|x64.ActiveCfg = Debug|Any CPU
		{60033606-7A4D-4B30-AD98-E4FD768D4C2D}.Debug|x64.Build.0 = Debug|Any CPU
		{60033606-7A4D-4B30-AD98-E4FD768D4C2D}.Debug|x86.ActiveCfg = Debug|Any CPU
		{60033606-7A4D-4B30-AD98-E4FD768D4C2D}.Debug|x86.Build.0 = Debug|Any CPU
		{60033606-7A4D-4B30-AD98-E4FD768D4C2D}.Release|Any CPU.ActiveCfg = Release|Any CPU
		{60033606-7A4D-4B30-AD98-E4FD768D4C2D}.Release|Any CPU.Build.0 = Release|Any CPU
		{60033606-7A4D-4B30-AD98-E4FD768D4C2D}.Release|x64.ActiveCfg = Release|Any CPU
		{60033606-7A4D-4B30-AD98-E4FD768D4C2D}.Release|x64.Build.0 = Release|Any CPU
		{60033606-7A4D-4B30-AD98-E4FD768D4C2D}.Release|x86.ActiveCfg = Release|Any CPU
		{60033606-7A4D-4B30-AD98-E4FD768D4C2D}.Release|x86.Build.0 = Release|Any CPU
		{70006E9D-80C0-441B-8E66-5030A0A7462C}.Debug|Any CPU.ActiveCfg = Debug|Any CPU
		{70006E9D-80C0-441B-8E66-5030A0A7462C}.Debug|Any CPU.Build.0 = Debug|Any CPU
		{70006E9D-80C0-441B-8E66-5030A0A7462C}.Debug|x64.ActiveCfg = Debug|Any CPU
		{70006E9D-80C0-441B-8E66-5030A0A7462C}.Debug|x64.Build.0 = Debug|Any CPU
		{70006E9D-80C0-441B-8E66-5030A0A7462C}.Debug|x86.ActiveCfg = Debug|Any CPU
		{70006E9D-80C0-441B-8E66-5030A0A7462C}.Debug|x86.Build.0 = Debug|Any CPU
		{70006E9D-80C0-441B-8E66-5030A0A7462C}.Release|Any CPU.ActiveCfg = Release|Any CPU
		{70006E9D-80C0-441B-8E66-5030A0A7462C}.Release|Any CPU.Build.0 = Release|Any CPU
		{70006E9D-80C0-441B-8E66-5030A0A7462C}.Release|x64.ActiveCfg = Release|Any CPU
		{70006E9D-80C0-441B-8E66-5030A0A7462C}.Release|x64.Build.0 = Release|Any CPU
		{70006E9D-80C0-441B-8E66-5030A0A7462C}.Release|x86.ActiveCfg = Release|Any CPU
		{70006E9D-80C0-441B-8E66-5030A0A7462C}.Release|x86.Build.0 = Release|Any CPU
		{BD73B6E2-CD7B-4DBA-92C7-DA33946DBAA5}.Debug|Any CPU.ActiveCfg = Debug|Any CPU
		{BD73B6E2-CD7B-4DBA-92C7-DA33946DBAA5}.Debug|Any CPU.Build.0 = Debug|Any CPU
		{BD73B6E2-CD7B-4DBA-92C7-DA33946DBAA5}.Debug|x64.ActiveCfg = Debug|Any CPU
		{BD73B6E2-CD7B-4DBA-92C7-DA33946DBAA5}.Debug|x64.Build.0 = Debug|Any CPU
		{BD73B6E2-CD7B-4DBA-92C7-DA33946DBAA5}.Debug|x86.ActiveCfg = Debug|Any CPU
		{BD73B6E2-CD7B-4DBA-92C7-DA33946DBAA5}.Debug|x86.Build.0 = Debug|Any CPU
		{BD73B6E2-CD7B-4DBA-92C7-DA33946DBAA5}.Release|Any CPU.ActiveCfg = Release|Any CPU
		{BD73B6E2-CD7B-4DBA-92C7-DA33946DBAA5}.Release|Any CPU.Build.0 = Release|Any CPU
		{BD73B6E2-CD7B-4DBA-92C7-DA33946DBAA5}.Release|x64.ActiveCfg = Release|Any CPU
		{BD73B6E2-CD7B-4DBA-92C7-DA33946DBAA5}.Release|x64.Build.0 = Release|Any CPU
		{BD73B6E2-CD7B-4DBA-92C7-DA33946DBAA5}.Release|x86.ActiveCfg = Release|Any CPU
		{BD73B6E2-CD7B-4DBA-92C7-DA33946DBAA5}.Release|x86.Build.0 = Release|Any CPU
		{1987CFA0-8AA9-43A0-B42C-B44A18D64749}.Debug|Any CPU.ActiveCfg = Debug|Any CPU
		{1987CFA0-8AA9-43A0-B42C-B44A18D64749}.Debug|Any CPU.Build.0 = Debug|Any CPU
		{1987CFA0-8AA9-43A0-B42C-B44A18D64749}.Debug|x64.ActiveCfg = Debug|Any CPU
		{1987CFA0-8AA9-43A0-B42C-B44A18D64749}.Debug|x64.Build.0 = Debug|Any CPU
		{1987CFA0-8AA9-43A0-B42C-B44A18D64749}.Debug|x86.ActiveCfg = Debug|Any CPU
		{1987CFA0-8AA9-43A0-B42C-B44A18D64749}.Debug|x86.Build.0 = Debug|Any CPU
		{1987CFA0-8AA9-43A0-B42C-B44A18D64749}.Release|Any CPU.ActiveCfg = Release|Any CPU
		{1987CFA0-8AA9-43A0-B42C-B44A18D64749}.Release|Any CPU.Build.0 = Release|Any CPU
		{1987CFA0-8AA9-43A0-B42C-B44A18D64749}.Release|x64.ActiveCfg = Release|Any CPU
		{1987CFA0-8AA9-43A0-B42C-B44A18D64749}.Release|x64.Build.0 = Release|Any CPU
		{1987CFA0-8AA9-43A0-B42C-B44A18D64749}.Release|x86.ActiveCfg = Release|Any CPU
		{1987CFA0-8AA9-43A0-B42C-B44A18D64749}.Release|x86.Build.0 = Release|Any CPU
	EndGlobalSection
	GlobalSection(SolutionProperties) = preSolution
		HideSolutionNode = FALSE
	EndGlobalSection
	GlobalSection(NestedProjects) = preSolution
		{0055B24D-6071-4E4D-BD19-DB3611CC6050} = {827E0CD3-B72D-47B6-A68D-7590B98EB39B}
		{82A22ECC-98BD-4F20-A6E3-94199B3FFDE3} = {827E0CD3-B72D-47B6-A68D-7590B98EB39B}
		{12213110-7898-4987-B100-27D40161E339} = {827E0CD3-B72D-47B6-A68D-7590B98EB39B}
		{2677E805-95BF-4881-B8FE-6B7E97ACE48D} = {5D20AA90-6969-D8BD-9DCD-8634F4692FDA}
		{DD9E4804-06E0-4BCB-9436-67DE0C226F06} = {827E0CD3-B72D-47B6-A68D-7590B98EB39B}
		{0E55DCE8-7914-456E-BD85-9473BB6A30FD} = {827E0CD3-B72D-47B6-A68D-7590B98EB39B}
		{72616487-9245-4FB4-A27E-D32A30EE3586} = {827E0CD3-B72D-47B6-A68D-7590B98EB39B}
		{68133F93-6F1E-4384-A73E-E6A7DA075C72} = {0AB3BF05-4346-4AA6-1389-037BE0695223}
		{74623E80-F3CC-4554-ADA6-AE6A6ADCF7A2} = {0AB3BF05-4346-4AA6-1389-037BE0695223}
		{C1DD9FDA-0EEC-4EAE-9F6E-A0EE10344040} = {0AB3BF05-4346-4AA6-1389-037BE0695223}
		{6884FCD7-6A7D-4A03-BA7E-1294737AEC7C} = {0AB3BF05-4346-4AA6-1389-037BE0695223}
		{07058299-1308-4816-8B7F-B2097D8F3AEF} = {0AB3BF05-4346-4AA6-1389-037BE0695223}
		{0C884D30-9E4B-4472-B706-E14722F4BD9E} = {827E0CD3-B72D-47B6-A68D-7590B98EB39B}
		{03D8AB4E-F445-4214-9E77-DFA92EF4BF79} = {0AB3BF05-4346-4AA6-1389-037BE0695223}
		{0C39078C-2BEA-41A6-9E33-23F9C4695791} = {827E0CD3-B72D-47B6-A68D-7590B98EB39B}
		{F3E93E0C-89BB-4467-A848-4B5C03E1F8E0} = {827E0CD3-B72D-47B6-A68D-7590B98EB39B}
		{2E594A1A-387A-4407-A8C0-BFF2A19D70B2} = {827E0CD3-B72D-47B6-A68D-7590B98EB39B}
		{0E2E7338-DF25-4E52-928B-2C2A8C86C8C6} = {0AB3BF05-4346-4AA6-1389-037BE0695223}
		{60033606-7A4D-4B30-AD98-E4FD768D4C2D} = {827E0CD3-B72D-47B6-A68D-7590B98EB39B}
		{70006E9D-80C0-441B-8E66-5030A0A7462C} = {0AB3BF05-4346-4AA6-1389-037BE0695223}
		{BD73B6E2-CD7B-4DBA-92C7-DA33946DBAA5} = {827E0CD3-B72D-47B6-A68D-7590B98EB39B}
		{1987CFA0-8AA9-43A0-B42C-B44A18D64749} = {0AB3BF05-4346-4AA6-1389-037BE0695223}
	EndGlobalSection
EndGlobal
